
Microsoft Visual Studio Solution File, Format Version 12.00
# Visual Studio 15
VisualStudioVersion = 15.0.27703.2035
MinimumVisualStudioVersion = 10.0.40219.1
Project("{8BC9CEB8-8B4A-11D0-8D11-00A0C91BC942}") = "Triangulate", "Triangulate.vcxproj", "{38E3212A-A328-4C37-BF8A-E748D81548F9}"
EndProject
Global
	GlobalSection(SolutionConfigurationPlatforms) = preSolution
		Debug|x64 = Debug|x64
		Debug|x86 = Debug|x86
		Release|x64 = Release|x64
		Release|x86 = Release|x86
	EndGlobalSection
	GlobalSection(ProjectConfigurationPlatforms) = postSolution
		{38E3212A-A328-4C37-BF8A-E748D81548F9}.Debug|x64.ActiveCfg = Debug|x64
		{38E3212A-A328-4C37-BF8A-E748D81548F9}.Debug|x64.Build.0 = Debug|x64
		{38E3212A-A328-4C37-BF8A-E748D81548F9}.Debug|x86.ActiveCfg = Debug|Win32
		{38E3212A-A328-4C37-BF8A-E748D81548F9}.Debug|x86.Build.0 = Debug|Win32
		{38E3212A-A328-4C37-BF8A-E748D81548F9}.Release|x64.ActiveCfg = Release|x64
		{38E3212A-A328-4C37-BF8A-E748D81548F9}.Release|x64.Build.0 = Release|x64
		{38E3212A-A328-4C37-BF8A-E748D81548F9}.Release|x86.ActiveCfg = Release|Win32
		{38E3212A-A328-4C37-BF8A-E748D81548F9}.Release|x86.Build.0 = Release|Win32
	EndGlobalSection
	GlobalSection(SolutionProperties) = preSolution
		HideSolutionNode = FALSE
	EndGlobalSection
	GlobalSection(ExtensibilityGlobals) = postSolution
		SolutionGuid = {853EF5F8-F3DD-4B45-A81B-85DB2538C4A8}
	EndGlobalSection
EndGlobal
